
Microsoft Visual Studio Solution File, Format Version 12.00
# Visual Studio Version 16
VisualStudioVersion = 16.0.30907.101
MinimumVisualStudioVersion = 10.0.40219.1
Project("{FAE04EC0-301F-11D3-BF4B-00C04F79EFBC}") = "myCompany", "myCompany\myCompany.csproj", "{96E9C586-707E-4291-9874-A4310F547D5F}"
EndProject
Global
	GlobalSection(SolutionConfigurationPlatforms) = preSolution
		Debug|Any CPU = Debug|Any CPU
		Release|Any CPU = Release|Any CPU
	EndGlobalSection
	GlobalSection(ProjectConfigurationPlatforms) = postSolution
		{96E9C586-707E-4291-9874-A4310F547D5F}.Debug|Any CPU.ActiveCfg = Debug|Any CPU
		{96E9C586-707E-4291-9874-A4310F547D5F}.Debug|Any CPU.Build.0 = Debug|Any CPU
		{96E9C586-707E-4291-9874-A4310F547D5F}.Release|Any CPU.ActiveCfg = Release|Any CPU
		{96E9C586-707E-4291-9874-A4310F547D5F}.Release|Any CPU.Build.0 = Release|Any CPU
	EndGlobalSection
	GlobalSection(SolutionProperties) = preSolution
		HideSolutionNode = FALSE
	EndGlobalSection
	GlobalSection(ExtensibilityGlobals) = postSolution
		SolutionGuid = {3F5E8716-BF83-462D-B5B0-59D6A683B6A6}
	EndGlobalSection
EndGlobal
